
Microsoft Visual Studio Solution File, Format Version 12.00
# Visual Studio 2013
VisualStudioVersion = 12.0.40629.0
MinimumVisualStudioVersion = 10.0.40219.1
Project("{FAE04EC0-301F-11D3-BF4B-00C04F79EFBC}") = "InheritanceMapping", "InheritanceMapping\InheritanceMapping.csproj", "{E07763BF-3CBB-4E36-A70C-23711E2697F0}"
EndProject
Project("{FAE04EC0-301F-11D3-BF4B-00C04F79EFBC}") = "UnitTest", "UnitTest\UnitTest.csproj", "{AD76AFE9-DE18-4191-BF03-E532D1790492}"
EndProject
Project("{FAE04EC0-301F-11D3-BF4B-00C04F79EFBC}") = "UnitTestProject", "UnitTestProject\UnitTestProject.csproj", "{4E29AB7F-3567-46AE-BD9D-F22A86ACEB93}"
EndProject
Global
	GlobalSection(SolutionConfigurationPlatforms) = preSolution
		Debug|Any CPU = Debug|Any CPU
		Release|Any CPU = Release|Any CPU
	EndGlobalSection
	GlobalSection(ProjectConfigurationPlatforms) = postSolution
		{E07763BF-3CBB-4E36-A70C-23711E2697F0}.Debug|Any CPU.ActiveCfg = Debug|Any CPU
		{E07763BF-3CBB-4E36-A70C-23711E2697F0}.Debug|Any CPU.Build.0 = Debug|Any CPU
		{E07763BF-3CBB-4E36-A70C-23711E2697F0}.Release|Any CPU.ActiveCfg = Release|Any CPU
		{E07763BF-3CBB-4E36-A70C-23711E2697F0}.Release|Any CPU.Build.0 = Release|Any CPU
		{AD76AFE9-DE18-4191-BF03-E532D1790492}.Debug|Any CPU.ActiveCfg = Debug|Any CPU
		{AD76AFE9-DE18-4191-BF03-E532D1790492}.Debug|Any CPU.Build.0 = Debug|Any CPU
		{AD76AFE9-DE18-4191-BF03-E532D1790492}.Release|Any CPU.ActiveCfg = Release|Any CPU
		{AD76AFE9-DE18-4191-BF03-E532D1790492}.Release|Any CPU.Build.0 = Release|Any CPU
		{4E29AB7F-3567-46AE-BD9D-F22A86ACEB93}.Debug|Any CPU.ActiveCfg = Debug|Any CPU
		{4E29AB7F-3567-46AE-BD9D-F22A86ACEB93}.Debug|Any CPU.Build.0 = Debug|Any CPU
		{4E29AB7F-3567-46AE-BD9D-F22A86ACEB93}.Release|Any CPU.ActiveCfg = Release|Any CPU
		{4E29AB7F-3567-46AE-BD9D-F22A86ACEB93}.Release|Any CPU.Build.0 = Release|Any CPU
	EndGlobalSection
	GlobalSection(SolutionProperties) = preSolution
		HideSolutionNode = FALSE
	EndGlobalSection
EndGlobal
